{
    "name": "snmp-oid-collector",
    "version": "1.0.0-beta.1",
    "lockfileVersion": 2,
    "requires": true,
    "packages": {
        "": {
            "name": "snmp-oid-collector",
            "version": "1.0.0-beta.1",
            "license": "MIT",
            "dependencies": {
                "net-snmp": "^3.8.4",
                "papaparse": "^5.3.2"
            },
            "devDependencies": {
                "@types/papaparse": "^5.3.7"
            }
        },
        "node_modules/@types/node": {
            "version": "18.11.12",
            "resolved": "https://registry.npmjs.org/@types/node/-/node-18.11.12.tgz",
            "integrity": "sha512-FgD3NtTAKvyMmD44T07zz2fEf+OKwutgBCEVM8GcvMGVGaDktiLNTDvPwC/LUe3PinMW+X6CuLOF2Ui1mAlSXg==",
            "dev": true
        },
        "node_modules/@types/papaparse": {
            "version": "5.3.7",
            "resolved": "https://registry.npmjs.org/@types/papaparse/-/papaparse-5.3.7.tgz",
            "integrity": "sha512-f2HKmlnPdCvS0WI33WtCs5GD7X1cxzzS/aduaxSu3I7TbhWlENjSPs6z5TaB9K0J+BH1jbmqTaM+ja5puis4wg==",
            "dev": true,
            "dependencies": {
                "@types/node": "*"
            }
        },
        "node_modules/asn1-ber": {
            "version": "1.2.2",
            "resolved": "https://registry.npmjs.org/asn1-ber/-/asn1-ber-1.2.2.tgz",
            "integrity": "sha512-CbNem/7hxrjSiOAOOTX4iZxu+0m3jiLqlsERQwwPM1IDR/22M8IPpA1VVndCLw5KtjRYyRODbvAEIfuTogNDng=="
        },
        "node_modules/net-snmp": {
            "version": "3.8.4",
            "resolved": "https://registry.npmjs.org/net-snmp/-/net-snmp-3.8.4.tgz",
            "integrity": "sha512-7DBqTPQq45B60BYU7EjKbc2YLeQpq7qBSbj+bpud3Xg3QpKEgmoPzEi4LVhNcLcOXz5vAs3A/sBOUyb926im6g==",
            "dependencies": {
                "asn1-ber": "^1.2.1",
                "smart-buffer": "^4.1.0"
            }
        },
        "node_modules/papaparse": {
            "version": "5.3.2",
            "resolved": "https://registry.npmjs.org/papaparse/-/papaparse-5.3.2.tgz",
            "integrity": "sha512-6dNZu0Ki+gyV0eBsFKJhYr+MdQYAzFUGlBMNj3GNrmHxmz1lfRa24CjFObPXtjcetlOv5Ad299MhIK0znp3afw=="
        },
        "node_modules/smart-buffer": {
            "version": "4.2.0",
            "resolved": "https://registry.npmjs.org/smart-buffer/-/smart-buffer-4.2.0.tgz",
            "integrity": "sha512-94hK0Hh8rPqQl2xXc3HsaBoOXKV20MToPkcXvwbISWLEs+64sBq5kFgn2kJDHb1Pry9yrP0dxrCI9RRci7RXKg==",
            "engines": {
                "node": ">= 6.0.0",
                "npm": ">= 3.0.0"
            }
        }
    },
    "dependencies": {
        "@types/node": {
            "version": "18.11.12",
            "resolved": "https://registry.npmjs.org/@types/node/-/node-18.11.12.tgz",
            "integrity": "sha512-FgD3NtTAKvyMmD44T07zz2fEf+OKwutgBCEVM8GcvMGVGaDktiLNTDvPwC/LUe3PinMW+X6CuLOF2Ui1mAlSXg==",
            "dev": true
        },
        "@types/papaparse": {
            "version": "5.3.7",
            "resolved": "https://registry.npmjs.org/@types/papaparse/-/papaparse-5.3.7.tgz",
            "integrity": "sha512-f2HKmlnPdCvS0WI33WtCs5GD7X1cxzzS/aduaxSu3I7TbhWlENjSPs6z5TaB9K0J+BH1jbmqTaM+ja5puis4wg==",
            "dev": true,
            "requires": {
                "@types/node": "*"
            }
        },
        "asn1-ber": {
            "version": "1.2.2",
            "resolved": "https://registry.npmjs.org/asn1-ber/-/asn1-ber-1.2.2.tgz",
            "integrity": "sha512-CbNem/7hxrjSiOAOOTX4iZxu+0m3jiLqlsERQwwPM1IDR/22M8IPpA1VVndCLw5KtjRYyRODbvAEIfuTogNDng=="
        },
        "net-snmp": {
            "version": "3.8.4",
            "resolved": "https://registry.npmjs.org/net-snmp/-/net-snmp-3.8.4.tgz",
            "integrity": "sha512-7DBqTPQq45B60BYU7EjKbc2YLeQpq7qBSbj+bpud3Xg3QpKEgmoPzEi4LVhNcLcOXz5vAs3A/sBOUyb926im6g==",
            "requires": {
                "asn1-ber": "^1.2.1",
                "smart-buffer": "^4.1.0"
            }
        },
        "papaparse": {
            "version": "5.3.2",
            "resolved": "https://registry.npmjs.org/papaparse/-/papaparse-5.3.2.tgz",
            "integrity": "sha512-6dNZu0Ki+gyV0eBsFKJhYr+MdQYAzFUGlBMNj3GNrmHxmz1lfRa24CjFObPXtjcetlOv5Ad299MhIK0znp3afw=="
        },
        "smart-buffer": {
            "version": "4.2.0",
            "resolved": "https://registry.npmjs.org/smart-buffer/-/smart-buffer-4.2.0.tgz",
            "integrity": "sha512-94hK0Hh8rPqQl2xXc3HsaBoOXKV20MToPkcXvwbISWLEs+64sBq5kFgn2kJDHb1Pry9yrP0dxrCI9RRci7RXKg=="
        }
    }
}
